// !$*UTF8*$!
{
	archiveVersion = 1;
	classes = {
	};
	objectVersion = 46;
	objects = {

/* Begin PBXBuildFile section */
		D32155CA18C629B40091D3E1 /* EFSettingsViewController.m in Sources */ = {isa = PBXBuildFile; fileRef = D32155C918C629B40091D3E1 /* EFSettingsViewController.m */; };
		D32155CD18C62C570091D3E1 /* EFRSSParser.m in Sources */ = {isa = PBXBuildFile; fileRef = D32155CC18C62C570091D3E1 /* EFRSSParser.m */; };
		D32155D018C62CA30091D3E1 /* RSSFeed.m in Sources */ = {isa = PBXBuildFile; fileRef = D32155CF18C62CA30091D3E1 /* RSSFeed.m */; };
		D32155D318C62CA30091D3E1 /* RSSItem.m in Sources */ = {isa = PBXBuildFile; fileRef = D32155D218C62CA30091D3E1 /* RSSItem.m */; };
		D32155D718C62FA10091D3E1 /* EFCoreDataManager.m in Sources */ = {isa = PBXBuildFile; fileRef = D32155D618C62FA10091D3E1 /* EFCoreDataManager.m */; };
		D32155DA18C63A210091D3E1 /* EFRSSItemCell.m in Sources */ = {isa = PBXBuildFile; fileRef = D32155D918C63A210091D3E1 /* EFRSSItemCell.m */; };
		D350121018C61DB300913EBC /* Foundation.framework in Frameworks */ = {isa = PBXBuildFile; fileRef = D350120F18C61DB300913EBC /* Foundation.framework */; };
		D350121218C61DB300913EBC /* CoreGraphics.framework in Frameworks */ = {isa = PBXBuildFile; fileRef = D350121118C61DB300913EBC /* CoreGraphics.framework */; };
		D350121418C61DB300913EBC /* UIKit.framework in Frameworks */ = {isa = PBXBuildFile; fileRef = D350121318C61DB300913EBC /* UIKit.framework */; };
		D350121618C61DB300913EBC /* CoreData.framework in Frameworks */ = {isa = PBXBuildFile; fileRef = D350121518C61DB300913EBC /* CoreData.framework */; };
		D350121C18C61DB300913EBC /* InfoPlist.strings in Resources */ = {isa = PBXBuildFile; fileRef = D350121A18C61DB300913EBC /* InfoPlist.strings */; };
		D350121E18C61DB300913EBC /* main.m in Sources */ = {isa = PBXBuildFile; fileRef = D350121D18C61DB300913EBC /* main.m */; };
		D350122218C61DB300913EBC /* EFAppDelegate.m in Sources */ = {isa = PBXBuildFile; fileRef = D350122118C61DB300913EBC /* EFAppDelegate.m */; };
		D350122518C61DB300913EBC /* EF_RSS.xcdatamodeld in Sources */ = {isa = PBXBuildFile; fileRef = D350122318C61DB300913EBC /* EF_RSS.xcdatamodeld */; };
		D350122718C61DB300913EBC /* Images.xcassets in Resources */ = {isa = PBXBuildFile; fileRef = D350122618C61DB300913EBC /* Images.xcassets */; };
		D350122E18C61DB400913EBC /* XCTest.framework in Frameworks */ = {isa = PBXBuildFile; fileRef = D350122D18C61DB400913EBC /* XCTest.framework */; };
		D350122F18C61DB400913EBC /* Foundation.framework in Frameworks */ = {isa = PBXBuildFile; fileRef = D350120F18C61DB300913EBC /* Foundation.framework */; };
		D350123018C61DB400913EBC /* UIKit.framework in Frameworks */ = {isa = PBXBuildFile; fileRef = D350121318C61DB300913EBC /* UIKit.framework */; };
		D350123118C61DB400913EBC /* CoreData.framework in Frameworks */ = {isa = PBXBuildFile; fileRef = D350121518C61DB300913EBC /* CoreData.framework */; };
		D350123918C61DB400913EBC /* InfoPlist.strings in Resources */ = {isa = PBXBuildFile; fileRef = D350123718C61DB400913EBC /* InfoPlist.strings */; };
		D350123B18C61DB400913EBC /* EF_RSSTests.m in Sources */ = {isa = PBXBuildFile; fileRef = D350123A18C61DB400913EBC /* EF_RSSTests.m */; };
		D350126D18C61E5F00913EBC /* AFHTTPRequestOperation.m in Sources */ = {isa = PBXBuildFile; fileRef = D350124618C61E5F00913EBC /* AFHTTPRequestOperation.m */; };
		D350126E18C61E5F00913EBC /* AFHTTPRequestOperationManager.m in Sources */ = {isa = PBXBuildFile; fileRef = D350124818C61E5F00913EBC /* AFHTTPRequestOperationManager.m */; };
		D350126F18C61E5F00913EBC /* AFHTTPSessionManager.m in Sources */ = {isa = PBXBuildFile; fileRef = D350124A18C61E5F00913EBC /* AFHTTPSessionManager.m */; };
		D350127018C61E5F00913EBC /* AFNetworkReachabilityManager.m in Sources */ = {isa = PBXBuildFile; fileRef = D350124D18C61E5F00913EBC /* AFNetworkReachabilityManager.m */; };
		D350127118C61E5F00913EBC /* AFSecurityPolicy.m in Sources */ = {isa = PBXBuildFile; fileRef = D350124F18C61E5F00913EBC /* AFSecurityPolicy.m */; };
		D350127218C61E5F00913EBC /* AFURLConnectionOperation.m in Sources */ = {isa = PBXBuildFile; fileRef = D350125118C61E5F00913EBC /* AFURLConnectionOperation.m */; };
		D350127318C61E5F00913EBC /* AFURLRequestSerialization.m in Sources */ = {isa = PBXBuildFile; fileRef = D350125318C61E5F00913EBC /* AFURLRequestSerialization.m */; };
		D350127418C61E5F00913EBC /* AFURLResponseSerialization.m in Sources */ = {isa = PBXBuildFile; fileRef = D350125518C61E5F00913EBC /* AFURLResponseSerialization.m */; };
		D350127518C61E5F00913EBC /* AFURLSessionManager.m in Sources */ = {isa = PBXBuildFile; fileRef = D350125718C61E5F00913EBC /* AFURLSessionManager.m */; };
		D350127618C61E5F00913EBC /* CWStatusBarNotification.m in Sources */ = {isa = PBXBuildFile; fileRef = D350125A18C61E5F00913EBC /* CWStatusBarNotification.m */; };
		D350127718C61E5F00913EBC /* AFNetworkActivityIndicatorManager.m in Sources */ = {isa = PBXBuildFile; fileRef = D350125D18C61E5F00913EBC /* AFNetworkActivityIndicatorManager.m */; };
		D350127818C61E5F00913EBC /* UIActivityIndicatorView+AFNetworking.m in Sources */ = {isa = PBXBuildFile; fileRef = D350125F18C61E5F00913EBC /* UIActivityIndicatorView+AFNetworking.m */; };
		D350127918C61E5F00913EBC /* UIAlertView+AFNetworking.m in Sources */ = {isa = PBXBuildFile; fileRef = D350126118C61E5F00913EBC /* UIAlertView+AFNetworking.m */; };
		D350127A18C61E5F00913EBC /* UIButton+AFNetworking.m in Sources */ = {isa = PBXBuildFile; fileRef = D350126318C61E5F00913EBC /* UIButton+AFNetworking.m */; };
		D350127B18C61E5F00913EBC /* UIImageView+AFNetworking.m in Sources */ = {isa = PBXBuildFile; fileRef = D350126518C61E5F00913EBC /* UIImageView+AFNetworking.m */; };
		D350127C18C61E5F00913EBC /* UIProgressView+AFNetworking.m in Sources */ = {isa = PBXBuildFile; fileRef = D350126818C61E5F00913EBC /* UIProgressView+AFNetworking.m */; };
		D350127D18C61E5F00913EBC /* UIRefreshControl+AFNetworking.m in Sources */ = {isa = PBXBuildFile; fileRef = D350126A18C61E5F00913EBC /* UIRefreshControl+AFNetworking.m */; };
		D350127E18C61E5F00913EBC /* UIWebView+AFNetworking.m in Sources */ = {isa = PBXBuildFile; fileRef = D350126C18C61E5F00913EBC /* UIWebView+AFNetworking.m */; };
		D350128218C61EF400913EBC /* EFSettings.m in Sources */ = {isa = PBXBuildFile; fileRef = D350128118C61EF400913EBC /* EFSettings.m */; };
		D350128618C6206F00913EBC /* EFHTTPSessionManager.m in Sources */ = {isa = PBXBuildFile; fileRef = D350128518C6206F00913EBC /* EFHTTPSessionManager.m */; };
		D350128918C624A500913EBC /* Storyboard_iPhone.storyboard in Resources */ = {isa = PBXBuildFile; fileRef = D350128818C624A500913EBC /* Storyboard_iPhone.storyboard */; };
		D350128B18C624C000913EBC /* Storyboard_iPad.storyboard in Resources */ = {isa = PBXBuildFile; fileRef = D350128A18C624C000913EBC /* Storyboard_iPad.storyboard */; };
		D350128F18C6250200913EBC /* EFBaseViewController.m in Sources */ = {isa = PBXBuildFile; fileRef = D350128E18C6250200913EBC /* EFBaseViewController.m */; };
		D350129218C6252D00913EBC /* EFRSSListViewController.m in Sources */ = {isa = PBXBuildFile; fileRef = D350129118C6252D00913EBC /* EFRSSListViewController.m */; };
		D350129518C6253A00913EBC /* EFDetailViewController.m in Sources */ = {isa = PBXBuildFile; fileRef = D350129418C6253A00913EBC /* EFDetailViewController.m */; };
		D350129818C6265400913EBC /* EFRSSDownloaderManager.m in Sources */ = {isa = PBXBuildFile; fileRef = D350129718C6265400913EBC /* EFRSSDownloaderManager.m */; };
		D3545B0D18C64AAD000747F1 /* EFNonPersistentRSSItem.m in Sources */ = {isa = PBXBuildFile; fileRef = D3545B0C18C64AAD000747F1 /* EFNonPersistentRSSItem.m */; };
		D3545B1018C64B80000747F1 /* EFRSSPersister.m in Sources */ = {isa = PBXBuildFile; fileRef = D3545B0F18C64B80000747F1 /* EFRSSPersister.m */; };
		D3545B1318C651B3000747F1 /* EFReachabilityManager.m in Sources */ = {isa = PBXBuildFile; fileRef = D3545B1218C651B3000747F1 /* EFReachabilityManager.m */; };
		D3545B1618C65295000747F1 /* EFStatusBarNotifier.m in Sources */ = {isa = PBXBuildFile; fileRef = D3545B1518C65295000747F1 /* EFStatusBarNotifier.m */; };
/* End PBXBuildFile section */

/* Begin PBXContainerItemProxy section */
		D350123218C61DB400913EBC /* PBXContainerItemProxy */ = {
			isa = PBXContainerItemProxy;
			containerPortal = D350120418C61DB300913EBC /* Project object */;
			proxyType = 1;
			remoteGlobalIDString = D350120B18C61DB300913EBC;
			remoteInfo = "EF RSS";
		};
/* End PBXContainerItemProxy section */

/* Begin PBXFileReference section */
		D32155C818C629B40091D3E1 /* EFSettingsViewController.h */ = {isa = PBXFileReference; fileEncoding = 4; lastKnownFileType = sourcecode.c.h; name = EFSettingsViewController.h; path = "Classes/View Controllers/EFSettingsViewController.h"; sourceTree = "<group>"; };
		D32155C918C629B40091D3E1 /* EFSettingsViewController.m */ = {isa = PBXFileReference; fileEncoding = 4; lastKnownFileType = sourcecode.c.objc; name = EFSettingsViewController.m; path = "Classes/View Controllers/EFSettingsViewController.m"; sourceTree = "<group>"; };
		D32155CB18C62C570091D3E1 /* EFRSSParser.h */ = {isa = PBXFileReference; fileEncoding = 4; lastKnownFileType = sourcecode.c.h; name = EFRSSParser.h; path = Classes/Parser/EFRSSParser.h; sourceTree = "<group>"; };
		D32155CC18C62C570091D3E1 /* EFRSSParser.m */ = {isa = PBXFileReference; fileEncoding = 4; lastKnownFileType = sourcecode.c.objc; name = EFRSSParser.m; path = Classes/Parser/EFRSSParser.m; sourceTree = "<group>"; };
		D32155CE18C62CA30091D3E1 /* RSSFeed.h */ = {isa = PBXFileReference; fileEncoding = 4; lastKnownFileType = sourcecode.c.h; name = RSSFeed.h; path = Classes/Entities/RSSFeed.h; sourceTree = "<group>"; };
		D32155CF18C62CA30091D3E1 /* RSSFeed.m */ = {isa = PBXFileReference; fileEncoding = 4; lastKnownFileType = sourcecode.c.objc; name = RSSFeed.m; path = Classes/Entities/RSSFeed.m; sourceTree = "<group>"; };
		D32155D118C62CA30091D3E1 /* RSSItem.h */ = {isa = PBXFileReference; fileEncoding = 4; lastKnownFileType = sourcecode.c.h; name = RSSItem.h; path = Classes/Entities/RSSItem.h; sourceTree = "<group>"; };
		D32155D218C62CA30091D3E1 /* RSSItem.m */ = {isa = PBXFileReference; fileEncoding = 4; lastKnownFileType = sourcecode.c.objc; name = RSSItem.m; path = Classes/Entities/RSSItem.m; sourceTree = "<group>"; };
		D32155D518C62FA10091D3E1 /* EFCoreDataManager.h */ = {isa = PBXFileReference; fileEncoding = 4; lastKnownFileType = sourcecode.c.h; name = EFCoreDataManager.h; path = "Classes/Core Data/EFCoreDataManager.h"; sourceTree = "<group>"; };
		D32155D618C62FA10091D3E1 /* EFCoreDataManager.m */ = {isa = PBXFileReference; fileEncoding = 4; lastKnownFileType = sourcecode.c.objc; name = EFCoreDataManager.m; path = "Classes/Core Data/EFCoreDataManager.m"; sourceTree = "<group>"; };
		D32155D818C63A210091D3E1 /* EFRSSItemCell.h */ = {isa = PBXFileReference; fileEncoding = 4; lastKnownFileType = sourcecode.c.h; name = EFRSSItemCell.h; path = "EF RSS/Classes/Views/EFRSSItemCell.h"; sourceTree = "<group>"; };
		D32155D918C63A210091D3E1 /* EFRSSItemCell.m */ = {isa = PBXFileReference; fileEncoding = 4; lastKnownFileType = sourcecode.c.objc; name = EFRSSItemCell.m; path = "EF RSS/Classes/Views/EFRSSItemCell.m"; sourceTree = "<group>"; };
		D350120C18C61DB300913EBC /* EF RSS.app */ = {isa = PBXFileReference; explicitFileType = wrapper.application; includeInIndex = 0; path = "EF RSS.app"; sourceTree = BUILT_PRODUCTS_DIR; };
		D350120F18C61DB300913EBC /* Foundation.framework */ = {isa = PBXFileReference; lastKnownFileType = wrapper.framework; name = Foundation.framework; path = System/Library/Frameworks/Foundation.framework; sourceTree = SDKROOT; };
		D350121118C61DB300913EBC /* CoreGraphics.framework */ = {isa = PBXFileReference; lastKnownFileType = wrapper.framework; name = CoreGraphics.framework; path = System/Library/Frameworks/CoreGraphics.framework; sourceTree = SDKROOT; };
		D350121318C61DB300913EBC /* UIKit.framework */ = {isa = PBXFileReference; lastKnownFileType = wrapper.framework; name = UIKit.framework; path = System/Library/Frameworks/UIKit.framework; sourceTree = SDKROOT; };
		D350121518C61DB300913EBC /* CoreData.framework */ = {isa = PBXFileReference; lastKnownFileType = wrapper.framework; name = CoreData.framework; path = System/Library/Frameworks/CoreData.framework; sourceTree = SDKROOT; };
		D350121918C61DB300913EBC /* EF RSS-Info.plist */ = {isa = PBXFileReference; lastKnownFileType = text.plist.xml; path = "EF RSS-Info.plist"; sourceTree = "<group>"; };
		D350121B18C61DB300913EBC /* en */ = {isa = PBXFileReference; lastKnownFileType = text.plist.strings; name = en; path = en.lproj/InfoPlist.strings; sourceTree = "<group>"; };
		D350121D18C61DB300913EBC /* main.m */ = {isa = PBXFileReference; lastKnownFileType = sourcecode.c.objc; path = main.m; sourceTree = "<group>"; };
		D350121F18C61DB300913EBC /* EF RSS-Prefix.pch */ = {isa = PBXFileReference; lastKnownFileType = sourcecode.c.h; path = "EF RSS-Prefix.pch"; sourceTree = "<group>"; };
		D350122018C61DB300913EBC /* EFAppDelegate.h */ = {isa = PBXFileReference; lastKnownFileType = sourcecode.c.h; path = EFAppDelegate.h; sourceTree = "<group>"; };
		D350122118C61DB300913EBC /* EFAppDelegate.m */ = {isa = PBXFileReference; lastKnownFileType = sourcecode.c.objc; path = EFAppDelegate.m; sourceTree = "<group>"; };
		D350122418C61DB300913EBC /* EF_RSS.xcdatamodel */ = {isa = PBXFileReference; lastKnownFileType = wrapper.xcdatamodel; path = EF_RSS.xcdatamodel; sourceTree = "<group>"; };
		D350122618C61DB300913EBC /* Images.xcassets */ = {isa = PBXFileReference; lastKnownFileType = folder.assetcatalog; path = Images.xcassets; sourceTree = "<group>"; };
		D350122C18C61DB400913EBC /* EF RSSTests.xctest */ = {isa = PBXFileReference; explicitFileType = wrapper.cfbundle; includeInIndex = 0; path = "EF RSSTests.xctest"; sourceTree = BUILT_PRODUCTS_DIR; };
		D350122D18C61DB400913EBC /* XCTest.framework */ = {isa = PBXFileReference; lastKnownFileType = wrapper.framework; name = XCTest.framework; path = Library/Frameworks/XCTest.framework; sourceTree = DEVELOPER_DIR; };
		D350123618C61DB400913EBC /* EF RSSTests-Info.plist */ = {isa = PBXFileReference; lastKnownFileType = text.plist.xml; path = "EF RSSTests-Info.plist"; sourceTree = "<group>"; };
		D350123818C61DB400913EBC /* en */ = {isa = PBXFileReference; lastKnownFileType = text.plist.strings; name = en; path = en.lproj/InfoPlist.strings; sourceTree = "<group>"; };
		D350123A18C61DB400913EBC /* EF_RSSTests.m */ = {isa = PBXFileReference; lastKnownFileType = sourcecode.c.objc; path = EF_RSSTests.m; sourceTree = "<group>"; };
		D350124518C61E5F00913EBC /* AFHTTPRequestOperation.h */ = {isa = PBXFileReference; fileEncoding = 4; lastKnownFileType = sourcecode.c.h; path = AFHTTPRequestOperation.h; sourceTree = "<group>"; };
		D350124618C61E5F00913EBC /* AFHTTPRequestOperation.m */ = {isa = PBXFileReference; fileEncoding = 4; lastKnownFileType = sourcecode.c.objc; path = AFHTTPRequestOperation.m; sourceTree = "<group>"; };
		D350124718C61E5F00913EBC /* AFHTTPRequestOperationManager.h */ = {isa = PBXFileReference; fileEncoding = 4; lastKnownFileType = sourcecode.c.h; path = AFHTTPRequestOperationManager.h; sourceTree = "<group>"; };
		D350124818C61E5F00913EBC /* AFHTTPRequestOperationManager.m */ = {isa = PBXFileReference; fileEncoding = 4; lastKnownFileType = sourcecode.c.objc; path = AFHTTPRequestOperationManager.m; sourceTree = "<group>"; };
		D350124918C61E5F00913EBC /* AFHTTPSessionManager.h */ = {isa = PBXFileReference; fileEncoding = 4; lastKnownFileType = sourcecode.c.h; path = AFHTTPSessionManager.h; sourceTree = "<group>"; };
		D350124A18C61E5F00913EBC /* AFHTTPSessionManager.m */ = {isa = PBXFileReference; fileEncoding = 4; lastKnownFileType = sourcecode.c.objc; path = AFHTTPSessionManager.m; sourceTree = "<group>"; };
		D350124B18C61E5F00913EBC /* AFNetworking.h */ = {isa = PBXFileReference; fileEncoding = 4; lastKnownFileType = sourcecode.c.h; path = AFNetworking.h; sourceTree = "<group>"; };
		D350124C18C61E5F00913EBC /* AFNetworkReachabilityManager.h */ = {isa = PBXFileReference; fileEncoding = 4; lastKnownFileType = sourcecode.c.h; path = AFNetworkReachabilityManager.h; sourceTree = "<group>"; };
		D350124D18C61E5F00913EBC /* AFNetworkReachabilityManager.m */ = {isa = PBXFileReference; fileEncoding = 4; lastKnownFileType = sourcecode.c.objc; path = AFNetworkReachabilityManager.m; sourceTree = "<group>"; };
		D350124E18C61E5F00913EBC /* AFSecurityPolicy.h */ = {isa = PBXFileReference; fileEncoding = 4; lastKnownFileType = sourcecode.c.h; path = AFSecurityPolicy.h; sourceTree = "<group>"; };
		D350124F18C61E5F00913EBC /* AFSecurityPolicy.m */ = {isa = PBXFileReference; fileEncoding = 4; lastKnownFileType = sourcecode.c.objc; path = AFSecurityPolicy.m; sourceTree = "<group>"; };
		D350125018C61E5F00913EBC /* AFURLConnectionOperation.h */ = {isa = PBXFileReference; fileEncoding = 4; lastKnownFileType = sourcecode.c.h; path = AFURLConnectionOperation.h; sourceTree = "<group>"; };
		D350125118C61E5F00913EBC /* AFURLConnectionOperation.m */ = {isa = PBXFileReference; fileEncoding = 4; lastKnownFileType = sourcecode.c.objc; path = AFURLConnectionOperation.m; sourceTree = "<group>"; };
		D350125218C61E5F00913EBC /* AFURLRequestSerialization.h */ = {isa = PBXFileReference; fileEncoding = 4; lastKnownFileType = sourcecode.c.h; path = AFURLRequestSerialization.h; sourceTree = "<group>"; };
		D350125318C61E5F00913EBC /* AFURLRequestSerialization.m */ = {isa = PBXFileReference; fileEncoding = 4; lastKnownFileType = sourcecode.c.objc; path = AFURLRequestSerialization.m; sourceTree = "<group>"; };
		D350125418C61E5F00913EBC /* AFURLResponseSerialization.h */ = {isa = PBXFileReference; fileEncoding = 4; lastKnownFileType = sourcecode.c.h; path = AFURLResponseSerialization.h; sourceTree = "<group>"; };
		D350125518C61E5F00913EBC /* AFURLResponseSerialization.m */ = {isa = PBXFileReference; fileEncoding = 4; lastKnownFileType = sourcecode.c.objc; path = AFURLResponseSerialization.m; sourceTree = "<group>"; };
		D350125618C61E5F00913EBC /* AFURLSessionManager.h */ = {isa = PBXFileReference; fileEncoding = 4; lastKnownFileType = sourcecode.c.h; path = AFURLSessionManager.h; sourceTree = "<group>"; };
		D350125718C61E5F00913EBC /* AFURLSessionManager.m */ = {isa = PBXFileReference; fileEncoding = 4; lastKnownFileType = sourcecode.c.objc; path = AFURLSessionManager.m; sourceTree = "<group>"; };
		D350125918C61E5F00913EBC /* CWStatusBarNotification.h */ = {isa = PBXFileReference; fileEncoding = 4; lastKnownFileType = sourcecode.c.h; path = CWStatusBarNotification.h; sourceTree = "<group>"; };
		D350125A18C61E5F00913EBC /* CWStatusBarNotification.m */ = {isa = PBXFileReference; fileEncoding = 4; lastKnownFileType = sourcecode.c.objc; path = CWStatusBarNotification.m; sourceTree = "<group>"; };
		D350125C18C61E5F00913EBC /* AFNetworkActivityIndicatorManager.h */ = {isa = PBXFileReference; fileEncoding = 4; lastKnownFileType = sourcecode.c.h; path = AFNetworkActivityIndicatorManager.h; sourceTree = "<group>"; };
		D350125D18C61E5F00913EBC /* AFNetworkActivityIndicatorManager.m */ = {isa = PBXFileReference; fileEncoding = 4; lastKnownFileType = sourcecode.c.objc; path = AFNetworkActivityIndicatorManager.m; sourceTree = "<group>"; };
		D350125E18C61E5F00913EBC /* UIActivityIndicatorView+AFNetworking.h */ = {isa = PBXFileReference; fileEncoding = 4; lastKnownFileType = sourcecode.c.h; path = "UIActivityIndicatorView+AFNetworking.h"; sourceTree = "<group>"; };
		D350125F18C61E5F00913EBC /* UIActivityIndicatorView+AFNetworking.m */ = {isa = PBXFileReference; fileEncoding = 4; lastKnownFileType = sourcecode.c.objc; path = "UIActivityIndicatorView+AFNetworking.m"; sourceTree = "<group>"; };
		D350126018C61E5F00913EBC /* UIAlertView+AFNetworking.h */ = {isa = PBXFileReference; fileEncoding = 4; lastKnownFileType = sourcecode.c.h; path = "UIAlertView+AFNetworking.h"; sourceTree = "<group>"; };
		D350126118C61E5F00913EBC /* UIAlertView+AFNetworking.m */ = {isa = PBXFileReference; fileEncoding = 4; lastKnownFileType = sourcecode.c.objc; path = "UIAlertView+AFNetworking.m"; sourceTree = "<group>"; };
		D350126218C61E5F00913EBC /* UIButton+AFNetworking.h */ = {isa = PBXFileReference; fileEncoding = 4; lastKnownFileType = sourcecode.c.h; path = "UIButton+AFNetworking.h"; sourceTree = "<group>"; };
		D350126318C61E5F00913EBC /* UIButton+AFNetworking.m */ = {isa = PBXFileReference; fileEncoding = 4; lastKnownFileType = sourcecode.c.objc; path = "UIButton+AFNetworking.m"; sourceTree = "<group>"; };
		D350126418C61E5F00913EBC /* UIImageView+AFNetworking.h */ = {isa = PBXFileReference; fileEncoding = 4; lastKnownFileType = sourcecode.c.h; path = "UIImageView+AFNetworking.h"; sourceTree = "<group>"; };
		D350126518C61E5F00913EBC /* UIImageView+AFNetworking.m */ = {isa = PBXFileReference; fileEncoding = 4; lastKnownFileType = sourcecode.c.objc; path = "UIImageView+AFNetworking.m"; sourceTree = "<group>"; };
		D350126618C61E5F00913EBC /* UIKit+AFNetworking.h */ = {isa = PBXFileReference; fileEncoding = 4; lastKnownFileType = sourcecode.c.h; path = "UIKit+AFNetworking.h"; sourceTree = "<group>"; };
		D350126718C61E5F00913EBC /* UIProgressView+AFNetworking.h */ = {isa = PBXFileReference; fileEncoding = 4; lastKnownFileType = sourcecode.c.h; path = "UIProgressView+AFNetworking.h"; sourceTree = "<group>"; };
		D350126818C61E5F00913EBC /* UIProgressView+AFNetworking.m */ = {isa = PBXFileReference; fileEncoding = 4; lastKnownFileType = sourcecode.c.objc; path = "UIProgressView+AFNetworking.m"; sourceTree = "<group>"; };
		D350126918C61E5F00913EBC /* UIRefreshControl+AFNetworking.h */ = {isa = PBXFileReference; fileEncoding = 4; lastKnownFileType = sourcecode.c.h; path = "UIRefreshControl+AFNetworking.h"; sourceTree = "<group>"; };
		D350126A18C61E5F00913EBC /* UIRefreshControl+AFNetworking.m */ = {isa = PBXFileReference; fileEncoding = 4; lastKnownFileType = sourcecode.c.objc; path = "UIRefreshControl+AFNetworking.m"; sourceTree = "<group>"; };
		D350126B18C61E5F00913EBC /* UIWebView+AFNetworking.h */ = {isa = PBXFileReference; fileEncoding = 4; lastKnownFileType = sourcecode.c.h; path = "UIWebView+AFNetworking.h"; sourceTree = "<group>"; };
		D350126C18C61E5F00913EBC /* UIWebView+AFNetworking.m */ = {isa = PBXFileReference; fileEncoding = 4; lastKnownFileType = sourcecode.c.objc; path = "UIWebView+AFNetworking.m"; sourceTree = "<group>"; };
		D350128018C61EF400913EBC /* EFSettings.h */ = {isa = PBXFileReference; fileEncoding = 4; lastKnownFileType = sourcecode.c.h; name = EFSettings.h; path = Classes/Settings/EFSettings.h; sourceTree = "<group>"; };
		D350128118C61EF400913EBC /* EFSettings.m */ = {isa = PBXFileReference; fileEncoding = 4; lastKnownFileType = sourcecode.c.objc; name = EFSettings.m; path = Classes/Settings/EFSettings.m; sourceTree = "<group>"; };
		D350128418C6206F00913EBC /* EFHTTPSessionManager.h */ = {isa = PBXFileReference; fileEncoding = 4; lastKnownFileType = sourcecode.c.h; name = EFHTTPSessionManager.h; path = Classes/Connection/EFHTTPSessionManager.h; sourceTree = "<group>"; };
		D350128518C6206F00913EBC /* EFHTTPSessionManager.m */ = {isa = PBXFileReference; fileEncoding = 4; lastKnownFileType = sourcecode.c.objc; name = EFHTTPSessionManager.m; path = Classes/Connection/EFHTTPSessionManager.m; sourceTree = "<group>"; };
		D350128818C624A500913EBC /* Storyboard_iPhone.storyboard */ = {isa = PBXFileReference; fileEncoding = 4; lastKnownFileType = file.storyboard; name = Storyboard_iPhone.storyboard; path = Resources/Storyboard_iPhone.storyboard; sourceTree = "<group>"; };
		D350128A18C624C000913EBC /* Storyboard_iPad.storyboard */ = {isa = PBXFileReference; fileEncoding = 4; lastKnownFileType = file.storyboard; path = Storyboard_iPad.storyboard; sourceTree = "<group>"; };
		D350128D18C6250200913EBC /* EFBaseViewController.h */ = {isa = PBXFileReference; fileEncoding = 4; lastKnownFileType = sourcecode.c.h; name = EFBaseViewController.h; path = "Classes/View Controllers/EFBaseViewController.h"; sourceTree = "<group>"; };
		D350128E18C6250200913EBC /* EFBaseViewController.m */ = {isa = PBXFileReference; fileEncoding = 4; lastKnownFileType = sourcecode.c.objc; name = EFBaseViewController.m; path = "Classes/View Controllers/EFBaseViewController.m"; sourceTree = "<group>"; };
		D350129018C6252D00913EBC /* EFRSSListViewController.h */ = {isa = PBXFileReference; fileEncoding = 4; lastKnownFileType = sourcecode.c.h; name = EFRSSListViewController.h; path = "Classes/View Controllers/EFRSSListViewController.h"; sourceTree = "<group>"; };
		D350129118C6252D00913EBC /* EFRSSListViewController.m */ = {isa = PBXFileReference; fileEncoding = 4; lastKnownFileType = sourcecode.c.objc; name = EFRSSListViewController.m; path = "Classes/View Controllers/EFRSSListViewController.m"; sourceTree = "<group>"; };
		D350129318C6253A00913EBC /* EFDetailViewController.h */ = {isa = PBXFileReference; fileEncoding = 4; lastKnownFileType = sourcecode.c.h; name = EFDetailViewController.h; path = "Classes/View Controllers/EFDetailViewController.h"; sourceTree = "<group>"; };
		D350129418C6253A00913EBC /* EFDetailViewController.m */ = {isa = PBXFileReference; fileEncoding = 4; lastKnownFileType = sourcecode.c.objc; name = EFDetailViewController.m; path = "Classes/View Controllers/EFDetailViewController.m"; sourceTree = "<group>"; };
		D350129618C6265400913EBC /* EFRSSDownloaderManager.h */ = {isa = PBXFileReference; fileEncoding = 4; lastKnownFileType = sourcecode.c.h; name = EFRSSDownloaderManager.h; path = Classes/Connection/EFRSSDownloaderManager.h; sourceTree = "<group>"; };
		D350129718C6265400913EBC /* EFRSSDownloaderManager.m */ = {isa = PBXFileReference; fileEncoding = 4; lastKnownFileType = sourcecode.c.objc; name = EFRSSDownloaderManager.m; path = Classes/Connection/EFRSSDownloaderManager.m; sourceTree = "<group>"; };
		D3545B0B18C64AAD000747F1 /* EFNonPersistentRSSItem.h */ = {isa = PBXFileReference; fileEncoding = 4; lastKnownFileType = sourcecode.c.h; name = EFNonPersistentRSSItem.h; path = Classes/Entities/EFNonPersistentRSSItem.h; sourceTree = "<group>"; };
		D3545B0C18C64AAD000747F1 /* EFNonPersistentRSSItem.m */ = {isa = PBXFileReference; fileEncoding = 4; lastKnownFileType = sourcecode.c.objc; name = EFNonPersistentRSSItem.m; path = Classes/Entities/EFNonPersistentRSSItem.m; sourceTree = "<group>"; };
		D3545B0E18C64B80000747F1 /* EFRSSPersister.h */ = {isa = PBXFileReference; fileEncoding = 4; lastKnownFileType = sourcecode.c.h; name = EFRSSPersister.h; path = "Classes/Core Data/EFRSSPersister.h"; sourceTree = "<group>"; };
		D3545B0F18C64B80000747F1 /* EFRSSPersister.m */ = {isa = PBXFileReference; fileEncoding = 4; lastKnownFileType = sourcecode.c.objc; name = EFRSSPersister.m; path = "Classes/Core Data/EFRSSPersister.m"; sourceTree = "<group>"; };
		D3545B1118C651B3000747F1 /* EFReachabilityManager.h */ = {isa = PBXFileReference; fileEncoding = 4; lastKnownFileType = sourcecode.c.h; name = EFReachabilityManager.h; path = Classes/Connection/EFReachabilityManager.h; sourceTree = "<group>"; };
		D3545B1218C651B3000747F1 /* EFReachabilityManager.m */ = {isa = PBXFileReference; fileEncoding = 4; lastKnownFileType = sourcecode.c.objc; name = EFReachabilityManager.m; path = Classes/Connection/EFReachabilityManager.m; sourceTree = "<group>"; };
		D3545B1418C65295000747F1 /* EFStatusBarNotifier.h */ = {isa = PBXFileReference; fileEncoding = 4; lastKnownFileType = sourcecode.c.h; name = EFStatusBarNotifier.h; path = "EF RSS/Classes/Notifier/EFStatusBarNotifier.h"; sourceTree = "<group>"; };
		D3545B1518C65295000747F1 /* EFStatusBarNotifier.m */ = {isa = PBXFileReference; fileEncoding = 4; lastKnownFileType = sourcecode.c.objc; name = EFStatusBarNotifier.m; path = "EF RSS/Classes/Notifier/EFStatusBarNotifier.m"; sourceTree = "<group>"; };
/* End PBXFileReference section */

/* Begin PBXFrameworksBuildPhase section */
		D350120918C61DB300913EBC /* Frameworks */ = {
			isa = PBXFrameworksBuildPhase;
			buildActionMask = 2147483647;
			files = (
				D350121218C61DB300913EBC /* CoreGraphics.framework in Frameworks */,
				D350121618C61DB300913EBC /* CoreData.framework in Frameworks */,
				D350121418C61DB300913EBC /* UIKit.framework in Frameworks */,
				D350121018C61DB300913EBC /* Foundation.framework in Frameworks */,
			);
			runOnlyForDeploymentPostprocessing = 0;
		};
		D350122918C61DB400913EBC /* Frameworks */ = {
			isa = PBXFrameworksBuildPhase;
			buildActionMask = 2147483647;
			files = (
				D350122E18C61DB400913EBC /* XCTest.framework in Frameworks */,
				D350123118C61DB400913EBC /* CoreData.framework in Frameworks */,
				D350123018C61DB400913EBC /* UIKit.framework in Frameworks */,
				D350122F18C61DB400913EBC /* Foundation.framework in Frameworks */,
			);
			runOnlyForDeploymentPostprocessing = 0;
		};
/* End PBXFrameworksBuildPhase section */

/* Begin PBXGroup section */
		D32155C718C629A20091D3E1 /* View Controllers */ = {
			isa = PBXGroup;
			children = (
				D350128D18C6250200913EBC /* EFBaseViewController.h */,
				D350128E18C6250200913EBC /* EFBaseViewController.m */,
				D350129018C6252D00913EBC /* EFRSSListViewController.h */,
				D350129118C6252D00913EBC /* EFRSSListViewController.m */,
				D350129318C6253A00913EBC /* EFDetailViewController.h */,
				D350129418C6253A00913EBC /* EFDetailViewController.m */,
				D32155C818C629B40091D3E1 /* EFSettingsViewController.h */,
				D32155C918C629B40091D3E1 /* EFSettingsViewController.m */,
			);
			name = "View Controllers";
			sourceTree = "<group>";
		};
		D32155D418C62CAE0091D3E1 /* Entities */ = {
			isa = PBXGroup;
			children = (
				D32155D118C62CA30091D3E1 /* RSSItem.h */,
				D32155D218C62CA30091D3E1 /* RSSItem.m */,
				D32155CE18C62CA30091D3E1 /* RSSFeed.h */,
				D32155CF18C62CA30091D3E1 /* RSSFeed.m */,
				D3545B0B18C64AAD000747F1 /* EFNonPersistentRSSItem.h */,
				D3545B0C18C64AAD000747F1 /* EFNonPersistentRSSItem.m */,
			);
			name = Entities;
			sourceTree = "<group>";
		};
		D32155DB18C63A250091D3E1 /* Cell */ = {
			isa = PBXGroup;
			children = (
				D32155D818C63A210091D3E1 /* EFRSSItemCell.h */,
				D32155D918C63A210091D3E1 /* EFRSSItemCell.m */,
			);
			name = Cell;
			sourceTree = "<group>";
		};
		D350120318C61DB300913EBC = {
			isa = PBXGroup;
			children = (
				D3545B1418C65295000747F1 /* EFStatusBarNotifier.h */,
				D3545B1518C65295000747F1 /* EFStatusBarNotifier.m */,
				D32155DB18C63A250091D3E1 /* Cell */,
				D350121718C61DB300913EBC /* EF RSS */,
				D350123418C61DB400913EBC /* EF RSSTests */,
				D350120E18C61DB300913EBC /* Frameworks */,
				D350120D18C61DB300913EBC /* Products */,
			);
			sourceTree = "<group>";
		};
		D350120D18C61DB300913EBC /* Products */ = {
			isa = PBXGroup;
			children = (
				D350120C18C61DB300913EBC /* EF RSS.app */,
				D350122C18C61DB400913EBC /* EF RSSTests.xctest */,
			);
			name = Products;
			sourceTree = "<group>";
		};
		D350120E18C61DB300913EBC /* Frameworks */ = {
			isa = PBXGroup;
			children = (
				D350120F18C61DB300913EBC /* Foundation.framework */,
				D350121118C61DB300913EBC /* CoreGraphics.framework */,
				D350121318C61DB300913EBC /* UIKit.framework */,
				D350121518C61DB300913EBC /* CoreData.framework */,
				D350122D18C61DB400913EBC /* XCTest.framework */,
			);
			name = Frameworks;
			sourceTree = "<group>";
		};
		D350121718C61DB300913EBC /* EF RSS */ = {
			isa = PBXGroup;
			children = (
				D32155D518C62FA10091D3E1 /* EFCoreDataManager.h */,
				D32155D618C62FA10091D3E1 /* EFCoreDataManager.m */,
				D350127F18C61E6400913EBC /* Libs */,
				D350122018C61DB300913EBC /* EFAppDelegate.h */,
				D350122118C61DB300913EBC /* EFAppDelegate.m */,
				D350122618C61DB300913EBC /* Images.xcassets */,
				D350122318C61DB300913EBC /* EF_RSS.xcdatamodeld */,
				D32155D418C62CAE0091D3E1 /* Entities */,
				D350121818C61DB300913EBC /* Supporting Files */,
				D350128318C6202F00913EBC /* Settings */,
				D350128718C6207400913EBC /* Connection */,
				D350128C18C624E500913EBC /* Storyboards */,
				D32155C718C629A20091D3E1 /* View Controllers */,
				D32155CB18C62C570091D3E1 /* EFRSSParser.h */,
				D32155CC18C62C570091D3E1 /* EFRSSParser.m */,
				D3545B0E18C64B80000747F1 /* EFRSSPersister.h */,
				D3545B0F18C64B80000747F1 /* EFRSSPersister.m */,
			);
			path = "EF RSS";
			sourceTree = "<group>";
		};
		D350121818C61DB300913EBC /* Supporting Files */ = {
			isa = PBXGroup;
			children = (
				D350121918C61DB300913EBC /* EF RSS-Info.plist */,
				D350121A18C61DB300913EBC /* InfoPlist.strings */,
				D350121D18C61DB300913EBC /* main.m */,
				D350121F18C61DB300913EBC /* EF RSS-Prefix.pch */,
			);
			name = "Supporting Files";
			sourceTree = "<group>";
		};
		D350123418C61DB400913EBC /* EF RSSTests */ = {
			isa = PBXGroup;
			children = (
				D350123A18C61DB400913EBC /* EF_RSSTests.m */,
				D350123518C61DB400913EBC /* Supporting Files */,
			);
			path = "EF RSSTests";
			sourceTree = "<group>";
		};
		D350123518C61DB400913EBC /* Supporting Files */ = {
			isa = PBXGroup;
			children = (
				D350123618C61DB400913EBC /* EF RSSTests-Info.plist */,
				D350123718C61DB400913EBC /* InfoPlist.strings */,
			);
			name = "Supporting Files";
			sourceTree = "<group>";
		};
		D350124418C61E5F00913EBC /* AFNetworking (2.2.0) */ = {
			isa = PBXGroup;
			children = (
				D350124518C61E5F00913EBC /* AFHTTPRequestOperation.h */,
				D350124618C61E5F00913EBC /* AFHTTPRequestOperation.m */,
				D350124718C61E5F00913EBC /* AFHTTPRequestOperationManager.h */,
				D350124818C61E5F00913EBC /* AFHTTPRequestOperationManager.m */,
				D350124918C61E5F00913EBC /* AFHTTPSessionManager.h */,
				D350124A18C61E5F00913EBC /* AFHTTPSessionManager.m */,
				D350124B18C61E5F00913EBC /* AFNetworking.h */,
				D350124C18C61E5F00913EBC /* AFNetworkReachabilityManager.h */,
				D350124D18C61E5F00913EBC /* AFNetworkReachabilityManager.m */,
				D350124E18C61E5F00913EBC /* AFSecurityPolicy.h */,
				D350124F18C61E5F00913EBC /* AFSecurityPolicy.m */,
				D350125018C61E5F00913EBC /* AFURLConnectionOperation.h */,
				D350125118C61E5F00913EBC /* AFURLConnectionOperation.m */,
				D350125218C61E5F00913EBC /* AFURLRequestSerialization.h */,
				D350125318C61E5F00913EBC /* AFURLRequestSerialization.m */,
				D350125418C61E5F00913EBC /* AFURLResponseSerialization.h */,
				D350125518C61E5F00913EBC /* AFURLResponseSerialization.m */,
				D350125618C61E5F00913EBC /* AFURLSessionManager.h */,
				D350125718C61E5F00913EBC /* AFURLSessionManager.m */,
			);
			name = "AFNetworking (2.2.0)";
			path = "Libs/AFNetworking (2.2.0)";
			sourceTree = "<group>";
		};
		D350125818C61E5F00913EBC /* CWStatusBarNotification (2.1.0) */ = {
			isa = PBXGroup;
			children = (
				D350125918C61E5F00913EBC /* CWStatusBarNotification.h */,
				D350125A18C61E5F00913EBC /* CWStatusBarNotification.m */,
			);
			name = "CWStatusBarNotification (2.1.0)";
			path = "Libs/CWStatusBarNotification (2.1.0)";
			sourceTree = "<group>";
		};
		D350125B18C61E5F00913EBC /* UIKit+AFNetworking (2.2.0) */ = {
			isa = PBXGroup;
			children = (
				D350125C18C61E5F00913EBC /* AFNetworkActivityIndicatorManager.h */,
				D350125D18C61E5F00913EBC /* AFNetworkActivityIndicatorManager.m */,
				D350125E18C61E5F00913EBC /* UIActivityIndicatorView+AFNetworking.h */,
				D350125F18C61E5F00913EBC /* UIActivityIndicatorView+AFNetworking.m */,
				D350126018C61E5F00913EBC /* UIAlertView+AFNetworking.h */,
				D350126118C61E5F00913EBC /* UIAlertView+AFNetworking.m */,
				D350126218C61E5F00913EBC /* UIButton+AFNetworking.h */,
				D350126318C61E5F00913EBC /* UIButton+AFNetworking.m */,
				D350126418C61E5F00913EBC /* UIImageView+AFNetworking.h */,
				D350126518C61E5F00913EBC /* UIImageView+AFNetworking.m */,
				D350126618C61E5F00913EBC /* UIKit+AFNetworking.h */,
				D350126718C61E5F00913EBC /* UIProgressView+AFNetworking.h */,
				D350126818C61E5F00913EBC /* UIProgressView+AFNetworking.m */,
				D350126918C61E5F00913EBC /* UIRefreshControl+AFNetworking.h */,
				D350126A18C61E5F00913EBC /* UIRefreshControl+AFNetworking.m */,
				D350126B18C61E5F00913EBC /* UIWebView+AFNetworking.h */,
				D350126C18C61E5F00913EBC /* UIWebView+AFNetworking.m */,
			);
			name = "UIKit+AFNetworking (2.2.0)";
			path = "Libs/UIKit+AFNetworking (2.2.0)";
			sourceTree = "<group>";
		};
		D350127F18C61E6400913EBC /* Libs */ = {
			isa = PBXGroup;
			children = (
				D350124418C61E5F00913EBC /* AFNetworking (2.2.0) */,
				D350125818C61E5F00913EBC /* CWStatusBarNotification (2.1.0) */,
				D350125B18C61E5F00913EBC /* UIKit+AFNetworking (2.2.0) */,
			);
			name = Libs;
			sourceTree = "<group>";
		};
		D350128318C6202F00913EBC /* Settings */ = {
			isa = PBXGroup;
			children = (
				D350128018C61EF400913EBC /* EFSettings.h */,
				D350128118C61EF400913EBC /* EFSettings.m */,
			);
			name = Settings;
			sourceTree = "<group>";
		};
		D350128718C6207400913EBC /* Connection */ = {
			isa = PBXGroup;
			children = (
				D350129618C6265400913EBC /* EFRSSDownloaderManager.h */,
				D350129718C6265400913EBC /* EFRSSDownloaderManager.m */,
				D350128418C6206F00913EBC /* EFHTTPSessionManager.h */,
				D350128518C6206F00913EBC /* EFHTTPSessionManager.m */,
				D3545B1118C651B3000747F1 /* EFReachabilityManager.h */,
				D3545B1218C651B3000747F1 /* EFReachabilityManager.m */,
			);
			name = Connection;
			sourceTree = "<group>";
		};
		D350128C18C624E500913EBC /* Storyboards */ = {
			isa = PBXGroup;
			children = (
				D350128818C624A500913EBC /* Storyboard_iPhone.storyboard */,
				D350128A18C624C000913EBC /* Storyboard_iPad.storyboard */,
			);
			name = Storyboards;
			sourceTree = "<group>";
		};
/* End PBXGroup section */

/* Begin PBXNativeTarget section */
		D350120B18C61DB300913EBC /* EF RSS */ = {
			isa = PBXNativeTarget;
			buildConfigurationList = D350123E18C61DB400913EBC /* Build configuration list for PBXNativeTarget "EF RSS" */;
			buildPhases = (
				D350120818C61DB300913EBC /* Sources */,
				D350120918C61DB300913EBC /* Frameworks */,
				D350120A18C61DB300913EBC /* Resources */,
			);
			buildRules = (
			);
			dependencies = (
			);
			name = "EF RSS";
			productName = "EF RSS";
			productReference = D350120C18C61DB300913EBC /* EF RSS.app */;
			productType = "com.apple.product-type.application";
		};
		D350122B18C61DB400913EBC /* EF RSSTests */ = {
			isa = PBXNativeTarget;
			buildConfigurationList = D350124118C61DB400913EBC /* Build configuration list for PBXNativeTarget "EF RSSTests" */;
			buildPhases = (
				D350122818C61DB400913EBC /* Sources */,
				D350122918C61DB400913EBC /* Frameworks */,
				D350122A18C61DB400913EBC /* Resources */,
			);
			buildRules = (
			);
			dependencies = (
				D350123318C61DB400913EBC /* PBXTargetDependency */,
			);
			name = "EF RSSTests";
			productName = "EF RSSTests";
			productReference = D350122C18C61DB400913EBC /* EF RSSTests.xctest */;
			productType = "com.apple.product-type.bundle.unit-test";
		};
/* End PBXNativeTarget section */

/* Begin PBXProject section */
		D350120418C61DB300913EBC /* Project object */ = {
			isa = PBXProject;
			attributes = {
				CLASSPREFIX = EF;
				LastUpgradeCheck = 0500;
				ORGANIZATIONNAME = "Bruno Koga";
				TargetAttributes = {
					D350122B18C61DB400913EBC = {
						TestTargetID = D350120B18C61DB300913EBC;
					};
				};
			};
			buildConfigurationList = D350120718C61DB300913EBC /* Build configuration list for PBXProject "EF RSS" */;
			compatibilityVersion = "Xcode 3.2";
			developmentRegion = English;
			hasScannedForEncodings = 0;
			knownRegions = (
				en,
			);
			mainGroup = D350120318C61DB300913EBC;
			productRefGroup = D350120D18C61DB300913EBC /* Products */;
			projectDirPath = "";
			projectRoot = "";
			targets = (
				D350120B18C61DB300913EBC /* EF RSS */,
				D350122B18C61DB400913EBC /* EF RSSTests */,
			);
		};
/* End PBXProject section */

/* Begin PBXResourcesBuildPhase section */
		D350120A18C61DB300913EBC /* Resources */ = {
			isa = PBXResourcesBuildPhase;
			buildActionMask = 2147483647;
			files = (
				D350121C18C61DB300913EBC /* InfoPlist.strings in Resources */,
				D350128918C624A500913EBC /* Storyboard_iPhone.storyboard in Resources */,
				D350122718C61DB300913EBC /* Images.xcassets in Resources */,
				D350128B18C624C000913EBC /* Storyboard_iPad.storyboard in Resources */,
			);
			runOnlyForDeploymentPostprocessing = 0;
		};
		D350122A18C61DB400913EBC /* Resources */ = {
			isa = PBXResourcesBuildPhase;
			buildActionMask = 2147483647;
			files = (
				D350123918C61DB400913EBC /* InfoPlist.strings in Resources */,
			);
			runOnlyForDeploymentPostprocessing = 0;
		};
/* End PBXResourcesBuildPhase section */

/* Begin PBXSourcesBuildPhase section */
		D350120818C61DB300913EBC /* Sources */ = {
			isa = PBXSourcesBuildPhase;
			buildActionMask = 2147483647;
			files = (
				D350127C18C61E5F00913EBC /* UIProgressView+AFNetworking.m in Sources */,
				D3545B1318C651B3000747F1 /* EFReachabilityManager.m in Sources */,
				D350129218C6252D00913EBC /* EFRSSListViewController.m in Sources */,
				D350129818C6265400913EBC /* EFRSSDownloaderManager.m in Sources */,
				D350127A18C61E5F00913EBC /* UIButton+AFNetworking.m in Sources */,
				D350127D18C61E5F00913EBC /* UIRefreshControl+AFNetworking.m in Sources */,
				D350127918C61E5F00913EBC /* UIAlertView+AFNetworking.m in Sources */,
				D350127618C61E5F00913EBC /* CWStatusBarNotification.m in Sources */,
				D3545B1018C64B80000747F1 /* EFRSSPersister.m in Sources */,
				D350126D18C61E5F00913EBC /* AFHTTPRequestOperation.m in Sources */,
				D3545B1618C65295000747F1 /* EFStatusBarNotifier.m in Sources */,
				D32155D018C62CA30091D3E1 /* RSSFeed.m in Sources */,
				D350121E18C61DB300913EBC /* main.m in Sources */,
				D350129518C6253A00913EBC /* EFDetailViewController.m in Sources */,
				D350126E18C61E5F00913EBC /* AFHTTPRequestOperationManager.m in Sources */,
				D32155CD18C62C570091D3E1 /* EFRSSParser.m in Sources */,
				D350127018C61E5F00913EBC /* AFNetworkReachabilityManager.m in Sources */,
				D350127B18C61E5F00913EBC /* UIImageView+AFNetworking.m in Sources */,
				D350127418C61E5F00913EBC /* AFURLResponseSerialization.m in Sources */,
				D350127818C61E5F00913EBC /* UIActivityIndicatorView+AFNetworking.m in Sources */,
				D350127218C61E5F00913EBC /* AFURLConnectionOperation.m in Sources */,
				D32155D318C62CA30091D3E1 /* RSSItem.m in Sources */,
				D32155CA18C629B40091D3E1 /* EFSettingsViewController.m in Sources */,
				D350128618C6206F00913EBC /* EFHTTPSessionManager.m in Sources */,
				D350128F18C6250200913EBC /* EFBaseViewController.m in Sources */,
				D32155DA18C63A210091D3E1 /* EFRSSItemCell.m in Sources */,
				D350127118C61E5F00913EBC /* AFSecurityPolicy.m in Sources */,
				D32155D718C62FA10091D3E1 /* EFCoreDataManager.m in Sources */,
				D350126F18C61E5F00913EBC /* AFHTTPSessionManager.m in Sources */,
				D350128218C61EF400913EBC /* EFSettings.m in Sources */,
				D3545B0D18C64AAD000747F1 /* EFNonPersistentRSSItem.m in Sources */,
				D350127318C61E5F00913EBC /* AFURLRequestSerialization.m in Sources */,
				D350127518C61E5F00913EBC /* AFURLSessionManager.m in Sources */,
				D350127E18C61E5F00913EBC /* UIWebView+AFNetworking.m in Sources */,
				D350122518C61DB300913EBC /* EF_RSS.xcdatamodeld in Sources */,
				D350127718C61E5F00913EBC /* AFNetworkActivityIndicatorManager.m in Sources */,
				D350122218C61DB300913EBC /* EFAppDelegate.m in Sources */,
			);
			runOnlyForDeploymentPostprocessing = 0;
		};
		D350122818C61DB400913EBC /* Sources */ = {
			isa = PBXSourcesBuildPhase;
			buildActionMask = 2147483647;
			files = (
				D350123B18C61DB400913EBC /* EF_RSSTests.m in Sources */,
			);
			runOnlyForDeploymentPostprocessing = 0;
		};
/* End PBXSourcesBuildPhase section */

/* Begin PBXTargetDependency section */
		D350123318C61DB400913EBC /* PBXTargetDependency */ = {
			isa = PBXTargetDependency;
			target = D350120B18C61DB300913EBC /* EF RSS */;
			targetProxy = D350123218C61DB400913EBC /* PBXContainerItemProxy */;
		};
/* End PBXTargetDependency section */

/* Begin PBXVariantGroup section */
		D350121A18C61DB300913EBC /* InfoPlist.strings */ = {
			isa = PBXVariantGroup;
			children = (
				D350121B18C61DB300913EBC /* en */,
			);
			name = InfoPlist.strings;
			sourceTree = "<group>";
		};
		D350123718C61DB400913EBC /* InfoPlist.strings */ = {
			isa = PBXVariantGroup;
			children = (
				D350123818C61DB400913EBC /* en */,
			);
			name = InfoPlist.strings;
			sourceTree = "<group>";
		};
/* End PBXVariantGroup section */

/* Begin XCBuildConfiguration section */
		D350123C18C61DB400913EBC /* Debug */ = {
			isa = XCBuildConfiguration;
			buildSettings = {
				ALWAYS_SEARCH_USER_PATHS = NO;
				ARCHS = "$(ARCHS_STANDARD_INCLUDING_64_BIT)";
				CLANG_CXX_LANGUAGE_STANDARD = "gnu++0x";
				CLANG_CXX_LIBRARY = "libc++";
				CLANG_ENABLE_MODULES = YES;
				CLANG_ENABLE_OBJC_ARC = YES;
				CLANG_WARN_BOOL_CONVERSION = YES;
				CLANG_WARN_CONSTANT_CONVERSION = YES;
				CLANG_WARN_DIRECT_OBJC_ISA_USAGE = YES_ERROR;
				CLANG_WARN_EMPTY_BODY = YES;
				CLANG_WARN_ENUM_CONVERSION = YES;
				CLANG_WARN_INT_CONVERSION = YES;
				CLANG_WARN_OBJC_ROOT_CLASS = YES_ERROR;
				CLANG_WARN__DUPLICATE_METHOD_MATCH = YES;
				"CODE_SIGN_IDENTITY[sdk=iphoneos*]" = "iPhone Developer";
				COPY_PHASE_STRIP = NO;
				GCC_C_LANGUAGE_STANDARD = gnu99;
				GCC_DYNAMIC_NO_PIC = NO;
				GCC_OPTIMIZATION_LEVEL = 0;
				GCC_PREPROCESSOR_DEFINITIONS = (
					"DEBUG=1",
					"$(inherited)",
				);
				GCC_SYMBOLS_PRIVATE_EXTERN = NO;
				GCC_WARN_64_TO_32_BIT_CONVERSION = YES;
				GCC_WARN_ABOUT_RETURN_TYPE = YES_ERROR;
				GCC_WARN_UNDECLARED_SELECTOR = YES;
				GCC_WARN_UNINITIALIZED_AUTOS = YES;
				GCC_WARN_UNUSED_FUNCTION = YES;
				GCC_WARN_UNUSED_VARIABLE = YES;
				IPHONEOS_DEPLOYMENT_TARGET = 7.0;
				ONLY_ACTIVE_ARCH = YES;
				SDKROOT = iphoneos;
				TARGETED_DEVICE_FAMILY = "1,2";
			};
			name = Debug;
		};
		D350123D18C61DB400913EBC /* Release */ = {
			isa = XCBuildConfiguration;
			buildSettings = {
				ALWAYS_SEARCH_USER_PATHS = NO;
				ARCHS = "$(ARCHS_STANDARD_INCLUDING_64_BIT)";
				CLANG_CXX_LANGUAGE_STANDARD = "gnu++0x";
				CLANG_CXX_LIBRARY = "libc++";
				CLANG_ENABLE_MODULES = YES;
				CLANG_ENABLE_OBJC_ARC = YES;
				CLANG_WARN_BOOL_CONVERSION = YES;
				CLANG_WARN_CONSTANT_CONVERSION = YES;
				CLANG_WARN_DIRECT_OBJC_ISA_USAGE = YES_ERROR;
				CLANG_WARN_EMPTY_BODY = YES;
				CLANG_WARN_ENUM_CONVERSION = YES;
				CLANG_WARN_INT_CONVERSION = YES;
				CLANG_WARN_OBJC_ROOT_CLASS = YES_ERROR;
				CLANG_WARN__DUPLICATE_METHOD_MATCH = YES;
				"CODE_SIGN_IDENTITY[sdk=iphoneos*]" = "iPhone Developer";
				COPY_PHASE_STRIP = YES;
				ENABLE_NS_ASSERTIONS = NO;
				GCC_C_LANGUAGE_STANDARD = gnu99;
				GCC_WARN_64_TO_32_BIT_CONVERSION = YES;
				GCC_WARN_ABOUT_RETURN_TYPE = YES_ERROR;
				GCC_WARN_UNDECLARED_SELECTOR = YES;
				GCC_WARN_UNINITIALIZED_AUTOS = YES;
				GCC_WARN_UNUSED_FUNCTION = YES;
				GCC_WARN_UNUSED_VARIABLE = YES;
				IPHONEOS_DEPLOYMENT_TARGET = 7.0;
				SDKROOT = iphoneos;
				TARGETED_DEVICE_FAMILY = "1,2";
				VALIDATE_PRODUCT = YES;
			};
			name = Release;
		};
		D350123F18C61DB400913EBC /* Debug */ = {
			isa = XCBuildConfiguration;
			buildSettings = {
				ASSETCATALOG_COMPILER_APPICON_NAME = AppIcon;
				ASSETCATALOG_COMPILER_LAUNCHIMAGE_NAME = LaunchImage;
				GCC_PRECOMPILE_PREFIX_HEADER = YES;
				GCC_PREFIX_HEADER = "EF RSS/EF RSS-Prefix.pch";
				INFOPLIST_FILE = "EF RSS/EF RSS-Info.plist";
				PRODUCT_NAME = "$(TARGET_NAME)";
				WRAPPER_EXTENSION = app;
			};
			name = Debug;
		};
		D350124018C61DB400913EBC /* Release */ = {
			isa = XCBuildConfiguration;
			buildSettings = {
				ASSETCATALOG_COMPILER_APPICON_NAME = AppIcon;
				ASSETCATALOG_COMPILER_LAUNCHIMAGE_NAME = LaunchImage;
				GCC_PRECOMPILE_PREFIX_HEADER = YES;
				GCC_PREFIX_HEADER = "EF RSS/EF RSS-Prefix.pch";
				INFOPLIST_FILE = "EF RSS/EF RSS-Info.plist";
				PRODUCT_NAME = "$(TARGET_NAME)";
				WRAPPER_EXTENSION = app;
			};
			name = Release;
		};
		D350124218C61DB400913EBC /* Debug */ = {
			isa = XCBuildConfiguration;
			buildSettings = {
				ARCHS = "$(ARCHS_STANDARD_INCLUDING_64_BIT)";
				BUNDLE_LOADER = "$(BUILT_PRODUCTS_DIR)/EF RSS.app/EF RSS";
				FRAMEWORK_SEARCH_PATHS = (
					"$(SDKROOT)/Developer/Library/Frameworks",
					"$(inherited)",
					"$(DEVELOPER_FRAMEWORKS_DIR)",
				);
				GCC_PRECOMPILE_PREFIX_HEADER = YES;
				GCC_PREFIX_HEADER = "EF RSS/EF RSS-Prefix.pch";
				GCC_PREPROCESSOR_DEFINITIONS = (
					"DEBUG=1",
					"$(inherited)",
				);
				INFOPLIST_FILE = "EF RSSTests/EF RSSTests-Info.plist";
				PRODUCT_NAME = "$(TARGET_NAME)";
				TEST_HOST = "$(BUNDLE_LOADER)";
				WRAPPER_EXTENSION = xctest;
			};
			name = Debug;
		};
		D350124318C61DB400913EBC /* Release */ = {
			isa = XCBuildConfiguration;
			buildSettings = {
				ARCHS = "$(ARCHS_STANDARD_INCLUDING_64_BIT)";
				BUNDLE_LOADER = "$(BUILT_PRODUCTS_DIR)/EF RSS.app/EF RSS";
				FRAMEWORK_SEARCH_PATHS = (
					"$(SDKROOT)/Developer/Library/Frameworks",
					"$(inherited)",
					"$(DEVELOPER_FRAMEWORKS_DIR)",
				);
				GCC_PRECOMPILE_PREFIX_HEADER = YES;
				GCC_PREFIX_HEADER = "EF RSS/EF RSS-Prefix.pch";
				INFOPLIST_FILE = "EF RSSTests/EF RSSTests-Info.plist";
				PRODUCT_NAME = "$(TARGET_NAME)";
				TEST_HOST = "$(BUNDLE_LOADER)";
				WRAPPER_EXTENSION = xctest;
			};
			name = Release;
		};
/* End XCBuildConfiguration section */

/* Begin XCConfigurationList section */
		D350120718C61DB300913EBC /* Build configuration list for PBXProject "EF RSS" */ = {
			isa = XCConfigurationList;
			buildConfigurations = (
				D350123C18C61DB400913EBC /* Debug */,
				D350123D18C61DB400913EBC /* Release */,
			);
			defaultConfigurationIsVisible = 0;
			defaultConfigurationName = Release;
		};
		D350123E18C61DB400913EBC /* Build configuration list for PBXNativeTarget "EF RSS" */ = {
			isa = XCConfigurationList;
			buildConfigurations = (
				D350123F18C61DB400913EBC /* Debug */,
				D350124018C61DB400913EBC /* Release */,
			);
			defaultConfigurationIsVisible = 0;
			defaultConfigurationName = Release;
		};
		D350124118C61DB400913EBC /* Build configuration list for PBXNativeTarget "EF RSSTests" */ = {
			isa = XCConfigurationList;
			buildConfigurations = (
				D350124218C61DB400913EBC /* Debug */,
				D350124318C61DB400913EBC /* Release */,
			);
			defaultConfigurationIsVisible = 0;
			defaultConfigurationName = Release;
		};
/* End XCConfigurationList section */

/* Begin XCVersionGroup section */
		D350122318C61DB300913EBC /* EF_RSS.xcdatamodeld */ = {
			isa = XCVersionGroup;
			children = (
				D350122418C61DB300913EBC /* EF_RSS.xcdatamodel */,
			);
			currentVersion = D350122418C61DB300913EBC /* EF_RSS.xcdatamodel */;
			path = EF_RSS.xcdatamodeld;
			sourceTree = "<group>";
			versionGroupType = wrapper.xcdatamodel;
		};
/* End XCVersionGroup section */
	};
	rootObject = D350120418C61DB300913EBC /* Project object */;
}
